
Microsoft Visual Studio Solution File, Format Version 12.00
# Visual Studio Version 17
VisualStudioVersion = 17.3.32901.215
MinimumVisualStudioVersion = 10.0.40219.1
Project("{9A19103F-16F7-4668-BE54-9A1E7A4F7556}") = "BrasilShop", "BrasilShop\BrasilShop.csproj", "{6CC8B9B0-3590-47C7-9271-272BC5DCC299}"
EndProject
Project("{FAE04EC0-301F-11D3-BF4B-00C04F79EFBC}") = "BrasilShopAccesoDate", "BrasilShopAccesoDate\BrasilShopAccesoDate.csproj", "{C0EE3DCE-32C5-4D64-8FDA-253384D800EB}"
EndProject
Project("{FAE04EC0-301F-11D3-BF4B-00C04F79EFBC}") = "BrasilShopModels", "BrasilShopModels\BrasilShopModels.csproj", "{9F57F785-EEB9-49C9-AA89-9EF35711A183}"
EndProject
Project("{FAE04EC0-301F-11D3-BF4B-00C04F79EFBC}") = "BrasilShopUtilidades", "BrasilShopUtilidades\BrasilShopUtilidades.csproj", "{D5B286C3-6347-4B26-B468-7735CBF036DE}"
EndProject
Global
	GlobalSection(SolutionConfigurationPlatforms) = preSolution
		Debug|Any CPU = Debug|Any CPU
		Release|Any CPU = Release|Any CPU
	EndGlobalSection
	GlobalSection(ProjectConfigurationPlatforms) = postSolution
		{6CC8B9B0-3590-47C7-9271-272BC5DCC299}.Debug|Any CPU.ActiveCfg = Debug|Any CPU
		{6CC8B9B0-3590-47C7-9271-272BC5DCC299}.Debug|Any CPU.Build.0 = Debug|Any CPU
		{6CC8B9B0-3590-47C7-9271-272BC5DCC299}.Release|Any CPU.ActiveCfg = Release|Any CPU
		{6CC8B9B0-3590-47C7-9271-272BC5DCC299}.Release|Any CPU.Build.0 = Release|Any CPU
		{C0EE3DCE-32C5-4D64-8FDA-253384D800EB}.Debug|Any CPU.ActiveCfg = Debug|Any CPU
		{C0EE3DCE-32C5-4D64-8FDA-253384D800EB}.Debug|Any CPU.Build.0 = Debug|Any CPU
		{C0EE3DCE-32C5-4D64-8FDA-253384D800EB}.Release|Any CPU.ActiveCfg = Release|Any CPU
		{C0EE3DCE-32C5-4D64-8FDA-253384D800EB}.Release|Any CPU.Build.0 = Release|Any CPU
		{9F57F785-EEB9-49C9-AA89-9EF35711A183}.Debug|Any CPU.ActiveCfg = Debug|Any CPU
		{9F57F785-EEB9-49C9-AA89-9EF35711A183}.Debug|Any CPU.Build.0 = Debug|Any CPU
		{9F57F785-EEB9-49C9-AA89-9EF35711A183}.Release|Any CPU.ActiveCfg = Release|Any CPU
		{9F57F785-EEB9-49C9-AA89-9EF35711A183}.Release|Any CPU.Build.0 = Release|Any CPU
		{D5B286C3-6347-4B26-B468-7735CBF036DE}.Debug|Any CPU.ActiveCfg = Debug|Any CPU
		{D5B286C3-6347-4B26-B468-7735CBF036DE}.Debug|Any CPU.Build.0 = Debug|Any CPU
		{D5B286C3-6347-4B26-B468-7735CBF036DE}.Release|Any CPU.ActiveCfg = Release|Any CPU
		{D5B286C3-6347-4B26-B468-7735CBF036DE}.Release|Any CPU.Build.0 = Release|Any CPU
	EndGlobalSection
	GlobalSection(SolutionProperties) = preSolution
		HideSolutionNode = FALSE
	EndGlobalSection
	GlobalSection(ExtensibilityGlobals) = postSolution
		SolutionGuid = {493FB511-155B-4FEB-88F1-C27F30672E04}
	EndGlobalSection
EndGlobal
